// !$*UTF8*$!
{
	archiveVersion = 1;
	classes = {
	};
	objectVersion = 55;
	objects = {

/* Begin PBXBuildFile section */
		7C2BF91328A2E74800B14746 /* ContentViewModel.swift in Sources */ = {isa = PBXBuildFile; fileRef = 7C2BF91228A2E74800B14746 /* ContentViewModel.swift */; };
		7C41FD0228A19740003143DB /* ClauDFluxApp.swift in Sources */ = {isa = PBXBuildFile; fileRef = 7C41FD0128A19740003143DB /* ClauDFluxApp.swift */; };
		7C41FD0428A19740003143DB /* ContentView.swift in Sources */ = {isa = PBXBuildFile; fileRef = 7C41FD0328A19740003143DB /* ContentView.swift */; };
		7C41FD0628A19744003143DB /* Assets.xcassets in Resources */ = {isa = PBXBuildFile; fileRef = 7C41FD0528A19744003143DB /* Assets.xcassets */; };
		7C41FD0928A19744003143DB /* Preview Assets.xcassets in Resources */ = {isa = PBXBuildFile; fileRef = 7C41FD0828A19744003143DB /* Preview Assets.xcassets */; };
		7C41FD1328A19744003143DB /* ClauDFluxTests.swift in Sources */ = {isa = PBXBuildFile; fileRef = 7C41FD1228A19744003143DB /* ClauDFluxTests.swift */; };
		7C41FD1D28A19744003143DB /* ClauDFluxUITests.swift in Sources */ = {isa = PBXBuildFile; fileRef = 7C41FD1C28A19744003143DB /* ClauDFluxUITests.swift */; };
		7C41FD1F28A19744003143DB /* ClauDFluxUITestsLaunchTests.swift in Sources */ = {isa = PBXBuildFile; fileRef = 7C41FD1E28A19744003143DB /* ClauDFluxUITestsLaunchTests.swift */; };
		7C41FD2F28A19A73003143DB /* MoneyNumberView.swift in Sources */ = {isa = PBXBuildFile; fileRef = 7C41FD2E28A19A73003143DB /* MoneyNumberView.swift */; };
		7C41FD3128A19D2E003143DB /* CellView.swift in Sources */ = {isa = PBXBuildFile; fileRef = 7C41FD3028A19D2E003143DB /* CellView.swift */; };
		7C41FD3328A1A5F7003143DB /* Transaction.swift in Sources */ = {isa = PBXBuildFile; fileRef = 7C41FD3228A1A5F7003143DB /* Transaction.swift */; };
/* End PBXBuildFile section */

/* Begin PBXContainerItemProxy section */
		7C41FD0F28A19744003143DB /* PBXContainerItemProxy */ = {
			isa = PBXContainerItemProxy;
			containerPortal = 7C41FCF628A19740003143DB /* Project object */;
			proxyType = 1;
			remoteGlobalIDString = 7C41FCFD28A19740003143DB;
			remoteInfo = ClauDFlux;
		};
		7C41FD1928A19744003143DB /* PBXContainerItemProxy */ = {
			isa = PBXContainerItemProxy;
			containerPortal = 7C41FCF628A19740003143DB /* Project object */;
			proxyType = 1;
			remoteGlobalIDString = 7C41FCFD28A19740003143DB;
			remoteInfo = ClauDFlux;
		};
/* End PBXContainerItemProxy section */

/* Begin PBXFileReference section */
		7C2BF91228A2E74800B14746 /* ContentViewModel.swift */ = {isa = PBXFileReference; lastKnownFileType = sourcecode.swift; path = ContentViewModel.swift; sourceTree = "<group>"; };
		7C41FCFE28A19740003143DB /* ClauDFlux.app */ = {isa = PBXFileReference; explicitFileType = wrapper.application; includeInIndex = 0; path = ClauDFlux.app; sourceTree = BUILT_PRODUCTS_DIR; };
		7C41FD0128A19740003143DB /* ClauDFluxApp.swift */ = {isa = PBXFileReference; lastKnownFileType = sourcecode.swift; path = ClauDFluxApp.swift; sourceTree = "<group>"; };
		7C41FD0328A19740003143DB /* ContentView.swift */ = {isa = PBXFileReference; lastKnownFileType = sourcecode.swift; path = ContentView.swift; sourceTree = "<group>"; };
		7C41FD0528A19744003143DB /* Assets.xcassets */ = {isa = PBXFileReference; lastKnownFileType = folder.assetcatalog; path = Assets.xcassets; sourceTree = "<group>"; };
		7C41FD0828A19744003143DB /* Preview Assets.xcassets */ = {isa = PBXFileReference; lastKnownFileType = folder.assetcatalog; path = "Preview Assets.xcassets"; sourceTree = "<group>"; };
		7C41FD0E28A19744003143DB /* ClauDFluxTests.xctest */ = {isa = PBXFileReference; explicitFileType = wrapper.cfbundle; includeInIndex = 0; path = ClauDFluxTests.xctest; sourceTree = BUILT_PRODUCTS_DIR; };
		7C41FD1228A19744003143DB /* ClauDFluxTests.swift */ = {isa = PBXFileReference; lastKnownFileType = sourcecode.swift; path = ClauDFluxTests.swift; sourceTree = "<group>"; };
		7C41FD1828A19744003143DB /* ClauDFluxUITests.xctest */ = {isa = PBXFileReference; explicitFileType = wrapper.cfbundle; includeInIndex = 0; path = ClauDFluxUITests.xctest; sourceTree = BUILT_PRODUCTS_DIR; };
		7C41FD1C28A19744003143DB /* ClauDFluxUITests.swift */ = {isa = PBXFileReference; lastKnownFileType = sourcecode.swift; path = ClauDFluxUITests.swift; sourceTree = "<group>"; };
		7C41FD1E28A19744003143DB /* ClauDFluxUITestsLaunchTests.swift */ = {isa = PBXFileReference; lastKnownFileType = sourcecode.swift; path = ClauDFluxUITestsLaunchTests.swift; sourceTree = "<group>"; };
		7C41FD2E28A19A73003143DB /* MoneyNumberView.swift */ = {isa = PBXFileReference; lastKnownFileType = sourcecode.swift; path = MoneyNumberView.swift; sourceTree = "<group>"; };
		7C41FD3028A19D2E003143DB /* CellView.swift */ = {isa = PBXFileReference; lastKnownFileType = sourcecode.swift; path = CellView.swift; sourceTree = "<group>"; };
		7C41FD3228A1A5F7003143DB /* Transaction.swift */ = {isa = PBXFileReference; lastKnownFileType = sourcecode.swift; path = Transaction.swift; sourceTree = "<group>"; };
/* End PBXFileReference section */

/* Begin PBXFrameworksBuildPhase section */
		7C41FCFB28A19740003143DB /* Frameworks */ = {
			isa = PBXFrameworksBuildPhase;
			buildActionMask = 2147483647;
			files = (
			);
			runOnlyForDeploymentPostprocessing = 0;
		};
		7C41FD0B28A19744003143DB /* Frameworks */ = {
			isa = PBXFrameworksBuildPhase;
			buildActionMask = 2147483647;
			files = (
			);
			runOnlyForDeploymentPostprocessing = 0;
		};
		7C41FD1528A19744003143DB /* Frameworks */ = {
			isa = PBXFrameworksBuildPhase;
			buildActionMask = 2147483647;
			files = (
			);
			runOnlyForDeploymentPostprocessing = 0;
		};
/* End PBXFrameworksBuildPhase section */

/* Begin PBXGroup section */
		7C41FCF528A19740003143DB = {
			isa = PBXGroup;
			children = (
				7C41FD0028A19740003143DB /* ClauDFlux */,
				7C41FD1128A19744003143DB /* ClauDFluxTests */,
				7C41FD1B28A19744003143DB /* ClauDFluxUITests */,
				7C41FCFF28A19740003143DB /* Products */,
			);
			sourceTree = "<group>";
		};
		7C41FCFF28A19740003143DB /* Products */ = {
			isa = PBXGroup;
			children = (
				7C41FCFE28A19740003143DB /* ClauDFlux.app */,
				7C41FD0E28A19744003143DB /* ClauDFluxTests.xctest */,
				7C41FD1828A19744003143DB /* ClauDFluxUITests.xctest */,
			);
			name = Products;
			sourceTree = "<group>";
		};
		7C41FD0028A19740003143DB /* ClauDFlux */ = {
			isa = PBXGroup;
			children = (
				7C41FD0128A19740003143DB /* ClauDFluxApp.swift */,
				7C41FD0528A19744003143DB /* Assets.xcassets */,
				7C41FD2D28A197C7003143DB /* ViewModels */,
				7C41FD2C28A197BE003143DB /* Views */,
				7C41FD2B28A197AC003143DB /* Models */,
				7C41FD0728A19744003143DB /* Preview Content */,
			);
			path = ClauDFlux;
			sourceTree = "<group>";
		};
		7C41FD0728A19744003143DB /* Preview Content */ = {
			isa = PBXGroup;
			children = (
				7C41FD0828A19744003143DB /* Preview Assets.xcassets */,
			);
			path = "Preview Content";
			sourceTree = "<group>";
		};
		7C41FD1128A19744003143DB /* ClauDFluxTests */ = {
			isa = PBXGroup;
			children = (
				7C41FD1228A19744003143DB /* ClauDFluxTests.swift */,
			);
			path = ClauDFluxTests;
			sourceTree = "<group>";
		};
		7C41FD1B28A19744003143DB /* ClauDFluxUITests */ = {
			isa = PBXGroup;
			children = (
				7C41FD1C28A19744003143DB /* ClauDFluxUITests.swift */,
				7C41FD1E28A19744003143DB /* ClauDFluxUITestsLaunchTests.swift */,
			);
			path = ClauDFluxUITests;
			sourceTree = "<group>";
		};
		7C41FD2B28A197AC003143DB /* Models */ = {
			isa = PBXGroup;
			children = (
				7C41FD3228A1A5F7003143DB /* Transaction.swift */,
			);
			path = Models;
			sourceTree = "<group>";
		};
		7C41FD2C28A197BE003143DB /* Views */ = {
			isa = PBXGroup;
			children = (
				7C41FD0328A19740003143DB /* ContentView.swift */,
				7C41FD2E28A19A73003143DB /* MoneyNumberView.swift */,
				7C41FD3028A19D2E003143DB /* CellView.swift */,
			);
			path = Views;
			sourceTree = "<group>";
		};
		7C41FD2D28A197C7003143DB /* ViewModels */ = {
			isa = PBXGroup;
			children = (
				7C2BF91228A2E74800B14746 /* ContentViewModel.swift */,
			);
			path = ViewModels;
			sourceTree = "<group>";
		};
/* End PBXGroup section */

/* Begin PBXNativeTarget section */
		7C41FCFD28A19740003143DB /* ClauDFlux */ = {
			isa = PBXNativeTarget;
			buildConfigurationList = 7C41FD2228A19744003143DB /* Build configuration list for PBXNativeTarget "ClauDFlux" */;
			buildPhases = (
				7C41FCFA28A19740003143DB /* Sources */,
				7C41FCFB28A19740003143DB /* Frameworks */,
				7C41FCFC28A19740003143DB /* Resources */,
			);
			buildRules = (
			);
			dependencies = (
			);
			name = ClauDFlux;
			productName = ClauDFlux;
			productReference = 7C41FCFE28A19740003143DB /* ClauDFlux.app */;
			productType = "com.apple.product-type.application";
		};
		7C41FD0D28A19744003143DB /* ClauDFluxTests */ = {
			isa = PBXNativeTarget;
			buildConfigurationList = 7C41FD2528A19744003143DB /* Build configuration list for PBXNativeTarget "ClauDFluxTests" */;
			buildPhases = (
				7C41FD0A28A19744003143DB /* Sources */,
				7C41FD0B28A19744003143DB /* Frameworks */,
				7C41FD0C28A19744003143DB /* Resources */,
			);
			buildRules = (
			);
			dependencies = (
				7C41FD1028A19744003143DB /* PBXTargetDependency */,
			);
			name = ClauDFluxTests;
			productName = ClauDFluxTests;
			productReference = 7C41FD0E28A19744003143DB /* ClauDFluxTests.xctest */;
			productType = "com.apple.product-type.bundle.unit-test";
		};
		7C41FD1728A19744003143DB /* ClauDFluxUITests */ = {
			isa = PBXNativeTarget;
			buildConfigurationList = 7C41FD2828A19744003143DB /* Build configuration list for PBXNativeTarget "ClauDFluxUITests" */;
			buildPhases = (
				7C41FD1428A19744003143DB /* Sources */,
				7C41FD1528A19744003143DB /* Frameworks */,
				7C41FD1628A19744003143DB /* Resources */,
			);
			buildRules = (
			);
			dependencies = (
				7C41FD1A28A19744003143DB /* PBXTargetDependency */,
			);
			name = ClauDFluxUITests;
			productName = ClauDFluxUITests;
			productReference = 7C41FD1828A19744003143DB /* ClauDFluxUITests.xctest */;
			productType = "com.apple.product-type.bundle.ui-testing";
		};
/* End PBXNativeTarget section */

/* Begin PBXProject section */
		7C41FCF628A19740003143DB /* Project object */ = {
			isa = PBXProject;
			attributes = {
				BuildIndependentTargetsInParallel = 1;
				LastSwiftUpdateCheck = 1340;
				LastUpgradeCheck = 1340;
				TargetAttributes = {
					7C41FCFD28A19740003143DB = {
						CreatedOnToolsVersion = 13.4.1;
					};
					7C41FD0D28A19744003143DB = {
						CreatedOnToolsVersion = 13.4.1;
						TestTargetID = 7C41FCFD28A19740003143DB;
					};
					7C41FD1728A19744003143DB = {
						CreatedOnToolsVersion = 13.4.1;
						TestTargetID = 7C41FCFD28A19740003143DB;
					};
				};
			};
			buildConfigurationList = 7C41FCF928A19740003143DB /* Build configuration list for PBXProject "ClauDFlux" */;
			compatibilityVersion = "Xcode 13.0";
			developmentRegion = en;
			hasScannedForEncodings = 0;
			knownRegions = (
				en,
				Base,
			);
			mainGroup = 7C41FCF528A19740003143DB;
			productRefGroup = 7C41FCFF28A19740003143DB /* Products */;
			projectDirPath = "";
			projectRoot = "";
			targets = (
				7C41FCFD28A19740003143DB /* ClauDFlux */,
				7C41FD0D28A19744003143DB /* ClauDFluxTests */,
				7C41FD1728A19744003143DB /* ClauDFluxUITests */,
			);
		};
/* End PBXProject section */

/* Begin PBXResourcesBuildPhase section */
		7C41FCFC28A19740003143DB /* Resources */ = {
			isa = PBXResourcesBuildPhase;
			buildActionMask = 2147483647;
			files = (
				7C41FD0928A19744003143DB /* Preview Assets.xcassets in Resources */,
				7C41FD0628A19744003143DB /* Assets.xcassets in Resources */,
			);
			runOnlyForDeploymentPostprocessing = 0;
		};
		7C41FD0C28A19744003143DB /* Resources */ = {
			isa = PBXResourcesBuildPhase;
			buildActionMask = 2147483647;
			files = (
			);
			runOnlyForDeploymentPostprocessing = 0;
		};
		7C41FD1628A19744003143DB /* Resources */ = {
			isa = PBXResourcesBuildPhase;
			buildActionMask = 2147483647;
			files = (
			);
			runOnlyForDeploymentPostprocessing = 0;
		};
/* End PBXResourcesBuildPhase section */

/* Begin PBXSourcesBuildPhase section */
		7C41FCFA28A19740003143DB /* Sources */ = {
			isa = PBXSourcesBuildPhase;
			buildActionMask = 2147483647;
			files = (
				7C41FD3128A19D2E003143DB /* CellView.swift in Sources */,
				7C41FD2F28A19A73003143DB /* MoneyNumberView.swift in Sources */,
				7C2BF91328A2E74800B14746 /* ContentViewModel.swift in Sources */,
				7C41FD0428A19740003143DB /* ContentView.swift in Sources */,
				7C41FD0228A19740003143DB /* ClauDFluxApp.swift in Sources */,
				7C41FD3328A1A5F7003143DB /* Transaction.swift in Sources */,
			);
			runOnlyForDeploymentPostprocessing = 0;
		};
		7C41FD0A28A19744003143DB /* Sources */ = {
			isa = PBXSourcesBuildPhase;
			buildActionMask = 2147483647;
			files = (
				7C41FD1328A19744003143DB /* ClauDFluxTests.swift in Sources */,
			);
			runOnlyForDeploymentPostprocessing = 0;
		};
		7C41FD1428A19744003143DB /* Sources */ = {
			isa = PBXSourcesBuildPhase;
			buildActionMask = 2147483647;
			files = (
				7C41FD1D28A19744003143DB /* ClauDFluxUITests.swift in Sources */,
				7C41FD1F28A19744003143DB /* ClauDFluxUITestsLaunchTests.swift in Sources */,
			);
			runOnlyForDeploymentPostprocessing = 0;
		};
/* End PBXSourcesBuildPhase section */

/* Begin PBXTargetDependency section */
		7C41FD1028A19744003143DB /* PBXTargetDependency */ = {
			isa = PBXTargetDependency;
			target = 7C41FCFD28A19740003143DB /* ClauDFlux */;
			targetProxy = 7C41FD0F28A19744003143DB /* PBXContainerItemProxy */;
		};
		7C41FD1A28A19744003143DB /* PBXTargetDependency */ = {
			isa = PBXTargetDependency;
			target = 7C41FCFD28A19740003143DB /* ClauDFlux */;
			targetProxy = 7C41FD1928A19744003143DB /* PBXContainerItemProxy */;
		};
/* End PBXTargetDependency section */

/* Begin XCBuildConfiguration section */
		7C41FD2028A19744003143DB /* Debug */ = {
			isa = XCBuildConfiguration;
			buildSettings = {
				ALWAYS_SEARCH_USER_PATHS = NO;
				CLANG_ANALYZER_NONNULL = YES;
				CLANG_ANALYZER_NUMBER_OBJECT_CONVERSION = YES_AGGRESSIVE;
				CLANG_CXX_LANGUAGE_STANDARD = "gnu++17";
				CLANG_ENABLE_MODULES = YES;
				CLANG_ENABLE_OBJC_ARC = YES;
				CLANG_ENABLE_OBJC_WEAK = YES;
				CLANG_WARN_BLOCK_CAPTURE_AUTORELEASING = YES;
				CLANG_WARN_BOOL_CONVERSION = YES;
				CLANG_WARN_COMMA = YES;
				CLANG_WARN_CONSTANT_CONVERSION = YES;
				CLANG_WARN_DEPRECATED_OBJC_IMPLEMENTATIONS = YES;
				CLANG_WARN_DIRECT_OBJC_ISA_USAGE = YES_ERROR;
				CLANG_WARN_DOCUMENTATION_COMMENTS = YES;
				CLANG_WARN_EMPTY_BODY = YES;
				CLANG_WARN_ENUM_CONVERSION = YES;
				CLANG_WARN_INFINITE_RECURSION = YES;
				CLANG_WARN_INT_CONVERSION = YES;
				CLANG_WARN_NON_LITERAL_NULL_CONVERSION = YES;
				CLANG_WARN_OBJC_IMPLICIT_RETAIN_SELF = YES;
				CLANG_WARN_OBJC_LITERAL_CONVERSION = YES;
				CLANG_WARN_OBJC_ROOT_CLASS = YES_ERROR;
				CLANG_WARN_QUOTED_INCLUDE_IN_FRAMEWORK_HEADER = YES;
				CLANG_WARN_RANGE_LOOP_ANALYSIS = YES;
				CLANG_WARN_STRICT_PROTOTYPES = YES;
				CLANG_WARN_SUSPICIOUS_MOVE = YES;
				CLANG_WARN_UNGUARDED_AVAILABILITY = YES_AGGRESSIVE;
				CLANG_WARN_UNREACHABLE_CODE = YES;
				CLANG_WARN__DUPLICATE_METHOD_MATCH = YES;
				COPY_PHASE_STRIP = NO;
				DEBUG_INFORMATION_FORMAT = dwarf;
				ENABLE_STRICT_OBJC_MSGSEND = YES;
				ENABLE_TESTABILITY = YES;
				GCC_C_LANGUAGE_STANDARD = gnu11;
				GCC_DYNAMIC_NO_PIC = NO;
				GCC_NO_COMMON_BLOCKS = YES;
				GCC_OPTIMIZATION_LEVEL = 0;
				GCC_PREPROCESSOR_DEFINITIONS = (
					"DEBUG=1",
					"$(inherited)",
				);
				GCC_WARN_64_TO_32_BIT_CONVERSION = YES;
				GCC_WARN_ABOUT_RETURN_TYPE = YES_ERROR;
				GCC_WARN_UNDECLARED_SELECTOR = YES;
				GCC_WARN_UNINITIALIZED_AUTOS = YES_AGGRESSIVE;
				GCC_WARN_UNUSED_FUNCTION = YES;
				GCC_WARN_UNUSED_VARIABLE = YES;
				IPHONEOS_DEPLOYMENT_TARGET = 15.5;
				MTL_ENABLE_DEBUG_INFO = INCLUDE_SOURCE;
				MTL_FAST_MATH = YES;
				ONLY_ACTIVE_ARCH = YES;
				SDKROOT = iphoneos;
				SWIFT_ACTIVE_COMPILATION_CONDITIONS = DEBUG;
				SWIFT_OPTIMIZATION_LEVEL = "-Onone";
			};
			name = Debug;
		};
		7C41FD2128A19744003143DB /* Release */ = {
			isa = XCBuildConfiguration;
			buildSettings = {
				ALWAYS_SEARCH_USER_PATHS = NO;
				CLANG_ANALYZER_NONNULL = YES;
				CLANG_ANALYZER_NUMBER_OBJECT_CONVERSION = YES_AGGRESSIVE;
				CLANG_CXX_LANGUAGE_STANDARD = "gnu++17";
				CLANG_ENABLE_MODULES = YES;
				CLANG_ENABLE_OBJC_ARC = YES;
				CLANG_ENABLE_OBJC_WEAK = YES;
				CLANG_WARN_BLOCK_CAPTURE_AUTORELEASING = YES;
				CLANG_WARN_BOOL_CONVERSION = YES;
				CLANG_WARN_COMMA = YES;
				CLANG_WARN_CONSTANT_CONVERSION = YES;
				CLANG_WARN_DEPRECATED_OBJC_IMPLEMENTATIONS = YES;
				CLANG_WARN_DIRECT_OBJC_ISA_USAGE = YES_ERROR;
				CLANG_WARN_DOCUMENTATION_COMMENTS = YES;
				CLANG_WARN_EMPTY_BODY = YES;
				CLANG_WARN_ENUM_CONVERSION = YES;
				CLANG_WARN_INFINITE_RECURSION = YES;
				CLANG_WARN_INT_CONVERSION = YES;
				CLANG_WARN_NON_LITERAL_NULL_CONVERSION = YES;
				CLANG_WARN_OBJC_IMPLICIT_RETAIN_SELF = YES;
				CLANG_WARN_OBJC_LITERAL_CONVERSION = YES;
				CLANG_WARN_OBJC_ROOT_CLASS = YES_ERROR;
				CLANG_WARN_QUOTED_INCLUDE_IN_FRAMEWORK_HEADER = YES;
				CLANG_WARN_RANGE_LOOP_ANALYSIS = YES;
				CLANG_WARN_STRICT_PROTOTYPES = YES;
				CLANG_WARN_SUSPICIOUS_MOVE = YES;
				CLANG_WARN_UNGUARDED_AVAILABILITY = YES_AGGRESSIVE;
				CLANG_WARN_UNREACHABLE_CODE = YES;
				CLANG_WARN__DUPLICATE_METHOD_MATCH = YES;
				COPY_PHASE_STRIP = NO;
				DEBUG_INFORMATION_FORMAT = "dwarf-with-dsym";
				ENABLE_NS_ASSERTIONS = NO;
				ENABLE_STRICT_OBJC_MSGSEND = YES;
				GCC_C_LANGUAGE_STANDARD = gnu11;
				GCC_NO_COMMON_BLOCKS = YES;
				GCC_WARN_64_TO_32_BIT_CONVERSION = YES;
				GCC_WARN_ABOUT_RETURN_TYPE = YES_ERROR;
				GCC_WARN_UNDECLARED_SELECTOR = YES;
				GCC_WARN_UNINITIALIZED_AUTOS = YES_AGGRESSIVE;
				GCC_WARN_UNUSED_FUNCTION = YES;
				GCC_WARN_UNUSED_VARIABLE = YES;
				IPHONEOS_DEPLOYMENT_TARGET = 15.5;
				MTL_ENABLE_DEBUG_INFO = NO;
				MTL_FAST_MATH = YES;
				SDKROOT = iphoneos;
				SWIFT_COMPILATION_MODE = wholemodule;
				SWIFT_OPTIMIZATION_LEVEL = "-O";
				VALIDATE_PRODUCT = YES;
			};
			name = Release;
		};
		7C41FD2328A19744003143DB /* Debug */ = {
			isa = XCBuildConfiguration;
			buildSettings = {
				ASSETCATALOG_COMPILER_APPICON_NAME = AppIcon;
				ASSETCATALOG_COMPILER_GLOBAL_ACCENT_COLOR_NAME = AccentColor;
				CODE_SIGN_STYLE = Automatic;
				CURRENT_PROJECT_VERSION = 1;
				DEVELOPMENT_ASSET_PATHS = "\"ClauDFlux/Preview Content\"";
				DEVELOPMENT_TEAM = 8JPPDHN68R;
				ENABLE_PREVIEWS = YES;
				GENERATE_INFOPLIST_FILE = YES;
				INFOPLIST_KEY_UIApplicationSceneManifest_Generation = YES;
				INFOPLIST_KEY_UIApplicationSupportsIndirectInputEvents = YES;
				INFOPLIST_KEY_UILaunchScreen_Generation = YES;
				INFOPLIST_KEY_UISupportedInterfaceOrientations_iPad = "UIInterfaceOrientationPortrait UIInterfaceOrientationPortraitUpsideDown UIInterfaceOrientationLandscapeLeft UIInterfaceOrientationLandscapeRight";
				INFOPLIST_KEY_UISupportedInterfaceOrientations_iPhone = "UIInterfaceOrientationPortrait UIInterfaceOrientationLandscapeLeft UIInterfaceOrientationLandscapeRight";
				LD_RUNPATH_SEARCH_PATHS = (
					"$(inherited)",
					"@executable_path/Frameworks",
				);
				MARKETING_VERSION = 1.0;
				PRODUCT_BUNDLE_IDENTIFIER = com.Claudia.Fiorentino.ClauDFlux;
				PRODUCT_NAME = "$(TARGET_NAME)";
				SWIFT_EMIT_LOC_STRINGS = YES;
				SWIFT_VERSION = 5.0;
				TARGETED_DEVICE_FAMILY = "1,2";
			};
			name = Debug;
		};
		7C41FD2428A19744003143DB /* Release */ = {
			isa = XCBuildConfiguration;
			buildSettings = {
				ASSETCATALOG_COMPILER_APPICON_NAME = AppIcon;
				ASSETCATALOG_COMPILER_GLOBAL_ACCENT_COLOR_NAME = AccentColor;
				CODE_SIGN_STYLE = Automatic;
				CURRENT_PROJECT_VERSION = 1;
				DEVELOPMENT_ASSET_PATHS = "\"ClauDFlux/Preview Content\"";
				DEVELOPMENT_TEAM = 8JPPDHN68R;
				ENABLE_PREVIEWS = YES;
				GENERATE_INFOPLIST_FILE = YES;
				INFOPLIST_KEY_UIApplicationSceneManifest_Generation = YES;
				INFOPLIST_KEY_UIApplicationSupportsIndirectInputEvents = YES;
				INFOPLIST_KEY_UILaunchScreen_Generation = YES;
				INFOPLIST_KEY_UISupportedInterfaceOrientations_iPad = "UIInterfaceOrientationPortrait UIInterfaceOrientationPortraitUpsideDown UIInterfaceOrientationLandscapeLeft UIInterfaceOrientationLandscapeRight";
				INFOPLIST_KEY_UISupportedInterfaceOrientations_iPhone = "UIInterfaceOrientationPortrait UIInterfaceOrientationLandscapeLeft UIInterfaceOrientationLandscapeRight";
				LD_RUNPATH_SEARCH_PATHS = (
					"$(inherited)",
					"@executable_path/Frameworks",
				);
				MARKETING_VERSION = 1.0;
				PRODUCT_BUNDLE_IDENTIFIER = com.Claudia.Fiorentino.ClauDFlux;
				PRODUCT_NAME = "$(TARGET_NAME)";
				SWIFT_EMIT_LOC_STRINGS = YES;
				SWIFT_VERSION = 5.0;
				TARGETED_DEVICE_FAMILY = "1,2";
			};
			name = Release;
		};
		7C41FD2628A19744003143DB /* Debug */ = {
			isa = XCBuildConfiguration;
			buildSettings = {
				ALWAYS_EMBED_SWIFT_STANDARD_LIBRARIES = YES;
				BUNDLE_LOADER = "$(TEST_HOST)";
				CODE_SIGN_STYLE = Automatic;
				CURRENT_PROJECT_VERSION = 1;
				DEVELOPMENT_TEAM = 8JPPDHN68R;
				GENERATE_INFOPLIST_FILE = YES;
				IPHONEOS_DEPLOYMENT_TARGET = 15.5;
				MARKETING_VERSION = 1.0;
				PRODUCT_BUNDLE_IDENTIFIER = com.Claudia.Fiorentino.ClauDFluxTests;
				PRODUCT_NAME = "$(TARGET_NAME)";
				SWIFT_EMIT_LOC_STRINGS = NO;
				SWIFT_VERSION = 5.0;
				TARGETED_DEVICE_FAMILY = "1,2";
				TEST_HOST = "$(BUILT_PRODUCTS_DIR)/ClauDFlux.app/ClauDFlux";
			};
			name = Debug;
		};
		7C41FD2728A19744003143DB /* Release */ = {
			isa = XCBuildConfiguration;
			buildSettings = {
				ALWAYS_EMBED_SWIFT_STANDARD_LIBRARIES = YES;
				BUNDLE_LOADER = "$(TEST_HOST)";
				CODE_SIGN_STYLE = Automatic;
				CURRENT_PROJECT_VERSION = 1;
				DEVELOPMENT_TEAM = 8JPPDHN68R;
				GENERATE_INFOPLIST_FILE = YES;
				IPHONEOS_DEPLOYMENT_TARGET = 15.5;
				MARKETING_VERSION = 1.0;
				PRODUCT_BUNDLE_IDENTIFIER = com.Claudia.Fiorentino.ClauDFluxTests;
				PRODUCT_NAME = "$(TARGET_NAME)";
				SWIFT_EMIT_LOC_STRINGS = NO;
				SWIFT_VERSION = 5.0;
				TARGETED_DEVICE_FAMILY = "1,2";
				TEST_HOST = "$(BUILT_PRODUCTS_DIR)/ClauDFlux.app/ClauDFlux";
			};
			name = Release;
		};
		7C41FD2928A19744003143DB /* Debug */ = {
			isa = XCBuildConfiguration;
			buildSettings = {
				ALWAYS_EMBED_SWIFT_STANDARD_LIBRARIES = YES;
				CODE_SIGN_STYLE = Automatic;
				CURRENT_PROJECT_VERSION = 1;
				DEVELOPMENT_TEAM = 8JPPDHN68R;
				GENERATE_INFOPLIST_FILE = YES;
				MARKETING_VERSION = 1.0;
				PRODUCT_BUNDLE_IDENTIFIER = com.Claudia.Fiorentino.ClauDFluxUITests;
				PRODUCT_NAME = "$(TARGET_NAME)";
				SWIFT_EMIT_LOC_STRINGS = NO;
				SWIFT_VERSION = 5.0;
				TARGETED_DEVICE_FAMILY = "1,2";
				TEST_TARGET_NAME = ClauDFlux;
			};
			name = Debug;
		};
		7C41FD2A28A19744003143DB /* Release */ = {
			isa = XCBuildConfiguration;
			buildSettings = {
				ALWAYS_EMBED_SWIFT_STANDARD_LIBRARIES = YES;
				CODE_SIGN_STYLE = Automatic;
				CURRENT_PROJECT_VERSION = 1;
				DEVELOPMENT_TEAM = 8JPPDHN68R;
				GENERATE_INFOPLIST_FILE = YES;
				MARKETING_VERSION = 1.0;
				PRODUCT_BUNDLE_IDENTIFIER = com.Claudia.Fiorentino.ClauDFluxUITests;
				PRODUCT_NAME = "$(TARGET_NAME)";
				SWIFT_EMIT_LOC_STRINGS = NO;
				SWIFT_VERSION = 5.0;
				TARGETED_DEVICE_FAMILY = "1,2";
				TEST_TARGET_NAME = ClauDFlux;
			};
			name = Release;
		};
/* End XCBuildConfiguration section */

/* Begin XCConfigurationList section */
		7C41FCF928A19740003143DB /* Build configuration list for PBXProject "ClauDFlux" */ = {
			isa = XCConfigurationList;
			buildConfigurations = (
				7C41FD2028A19744003143DB /* Debug */,
				7C41FD2128A19744003143DB /* Release */,
			);
			defaultConfigurationIsVisible = 0;
			defaultConfigurationName = Release;
		};
		7C41FD2228A19744003143DB /* Build configuration list for PBXNativeTarget "ClauDFlux" */ = {
			isa = XCConfigurationList;
			buildConfigurations = (
				7C41FD2328A19744003143DB /* Debug */,
				7C41FD2428A19744003143DB /* Release */,
			);
			defaultConfigurationIsVisible = 0;
			defaultConfigurationName = Release;
		};
		7C41FD2528A19744003143DB /* Build configuration list for PBXNativeTarget "ClauDFluxTests" */ = {
			isa = XCConfigurationList;
			buildConfigurations = (
				7C41FD2628A19744003143DB /* Debug */,
				7C41FD2728A19744003143DB /* Release */,
			);
			defaultConfigurationIsVisible = 0;
			defaultConfigurationName = Release;
		};
		7C41FD2828A19744003143DB /* Build configuration list for PBXNativeTarget "ClauDFluxUITests" */ = {
			isa = XCConfigurationList;
			buildConfigurations = (
				7C41FD2928A19744003143DB /* Debug */,
				7C41FD2A28A19744003143DB /* Release */,
			);
			defaultConfigurationIsVisible = 0;
			defaultConfigurationName = Release;
		};
/* End XCConfigurationList section */
	};
	rootObject = 7C41FCF628A19740003143DB /* Project object */;
}
